
Microsoft Visual Studio Solution File, Format Version 12.00
# Visual Studio Version 16
VisualStudioVersion = 16.0.29728.190
MinimumVisualStudioVersion = 10.0.40219.1
Project("{8BC9CEB8-8B4A-11D0-8D11-00A0C91BC942}") = "WS01", "WS01.vcxproj", "{655B336B-A0B2-4B0B-8B0C-46E24C56D23C}"
EndProject
Global
	GlobalSection(SolutionConfigurationPlatforms) = preSolution
		Debug|x64 = Debug|x64
		Debug|x86 = Debug|x86
		Release|x64 = Release|x64
		Release|x86 = Release|x86
	EndGlobalSection
	GlobalSection(ProjectConfigurationPlatforms) = postSolution
		{655B336B-A0B2-4B0B-8B0C-46E24C56D23C}.Debug|x64.ActiveCfg = Debug|x64
		{655B336B-A0B2-4B0B-8B0C-46E24C56D23C}.Debug|x64.Build.0 = Debug|x64
		{655B336B-A0B2-4B0B-8B0C-46E24C56D23C}.Debug|x86.ActiveCfg = Debug|Win32
		{655B336B-A0B2-4B0B-8B0C-46E24C56D23C}.Debug|x86.Build.0 = Debug|Win32
		{655B336B-A0B2-4B0B-8B0C-46E24C56D23C}.Release|x64.ActiveCfg = Release|x64
		{655B336B-A0B2-4B0B-8B0C-46E24C56D23C}.Release|x64.Build.0 = Release|x64
		{655B336B-A0B2-4B0B-8B0C-46E24C56D23C}.Release|x86.ActiveCfg = Release|Win32
		{655B336B-A0B2-4B0B-8B0C-46E24C56D23C}.Release|x86.Build.0 = Release|Win32
	EndGlobalSection
	GlobalSection(SolutionProperties) = preSolution
		HideSolutionNode = FALSE
	EndGlobalSection
	GlobalSection(ExtensibilityGlobals) = postSolution
		SolutionGuid = {F3F9E3FF-835A-4284-96BC-63B25C194A2F}
	EndGlobalSection
EndGlobal
